// !$*UTF8*$!
{
	archiveVersion = 1;
	classes = {
	};
	objectVersion = 50;
	objects = {

/* Begin PBXBuildFile section */
		0718725425794F0400B3D301 /* DetalhesViagensViewController.swift in Sources */ = {isa = PBXBuildFile; fileRef = 0718725325794F0400B3D301 /* DetalhesViagensViewController.swift */; };
		078E49802571442A004884D6 /* PacotesViagensViewController.swift in Sources */ = {isa = PBXBuildFile; fileRef = 078E497F2571442A004884D6 /* PacotesViagensViewController.swift */; };
		078E49842571451F004884D6 /* PacoteViagemCollectionViewCell.swift in Sources */ = {isa = PBXBuildFile; fileRef = 078E49832571451F004884D6 /* PacoteViagemCollectionViewCell.swift */; };
		07C528E4256D76DB003DF08C /* AppDelegate.swift in Sources */ = {isa = PBXBuildFile; fileRef = 07C528E3256D76DB003DF08C /* AppDelegate.swift */; };
		07C528E6256D76DB003DF08C /* SceneDelegate.swift in Sources */ = {isa = PBXBuildFile; fileRef = 07C528E5256D76DB003DF08C /* SceneDelegate.swift */; };
		07C528E8256D76DB003DF08C /* ViewController.swift in Sources */ = {isa = PBXBuildFile; fileRef = 07C528E7256D76DB003DF08C /* ViewController.swift */; };
		07C528EB256D76DB003DF08C /* Main.storyboard in Resources */ = {isa = PBXBuildFile; fileRef = 07C528E9256D76DB003DF08C /* Main.storyboard */; };
		07C528ED256D76DB003DF08C /* Assets.xcassets in Resources */ = {isa = PBXBuildFile; fileRef = 07C528EC256D76DB003DF08C /* Assets.xcassets */; };
		07C528F0256D76DB003DF08C /* LaunchScreen.storyboard in Resources */ = {isa = PBXBuildFile; fileRef = 07C528EE256D76DB003DF08C /* LaunchScreen.storyboard */; };
		07FAFCD9256FF1F200D97BD3 /* Viagem.swift in Sources */ = {isa = PBXBuildFile; fileRef = 07FAFCD8256FF1F200D97BD3 /* Viagem.swift */; };
		07FAFCE0256FF51D00D97BD3 /* TableViewCell.swift in Sources */ = {isa = PBXBuildFile; fileRef = 07FAFCDF256FF51D00D97BD3 /* TableViewCell.swift */; };
		07FAFCEA256FFE4000D97BD3 /* ViagemDAO.swift in Sources */ = {isa = PBXBuildFile; fileRef = 07FAFCE8256FFDF200D97BD3 /* ViagemDAO.swift */; };
		07FE61BC258105C600828263 /* PacoteViagem.swift in Sources */ = {isa = PBXBuildFile; fileRef = 07FE61BB258105C600828263 /* PacoteViagem.swift */; };
		07FE61BF258107A700828263 /* PacoteViagemDAO.swift in Sources */ = {isa = PBXBuildFile; fileRef = 07FE61BE258107A700828263 /* PacoteViagemDAO.swift */; };
/* End PBXBuildFile section */

/* Begin PBXFileReference section */
		0718725325794F0400B3D301 /* DetalhesViagensViewController.swift */ = {isa = PBXFileReference; lastKnownFileType = sourcecode.swift; path = DetalhesViagensViewController.swift; sourceTree = "<group>"; };
		078E497F2571442A004884D6 /* PacotesViagensViewController.swift */ = {isa = PBXFileReference; lastKnownFileType = sourcecode.swift; path = PacotesViagensViewController.swift; sourceTree = "<group>"; };
		078E49832571451F004884D6 /* PacoteViagemCollectionViewCell.swift */ = {isa = PBXFileReference; lastKnownFileType = sourcecode.swift; path = PacoteViagemCollectionViewCell.swift; sourceTree = "<group>"; };
		07C528E0256D76DB003DF08C /* AluraViagens.app */ = {isa = PBXFileReference; explicitFileType = wrapper.application; includeInIndex = 0; path = AluraViagens.app; sourceTree = BUILT_PRODUCTS_DIR; };
		07C528E3256D76DB003DF08C /* AppDelegate.swift */ = {isa = PBXFileReference; lastKnownFileType = sourcecode.swift; path = AppDelegate.swift; sourceTree = "<group>"; };
		07C528E5256D76DB003DF08C /* SceneDelegate.swift */ = {isa = PBXFileReference; lastKnownFileType = sourcecode.swift; path = SceneDelegate.swift; sourceTree = "<group>"; };
		07C528E7256D76DB003DF08C /* ViewController.swift */ = {isa = PBXFileReference; lastKnownFileType = sourcecode.swift; path = ViewController.swift; sourceTree = "<group>"; };
		07C528EA256D76DB003DF08C /* Base */ = {isa = PBXFileReference; lastKnownFileType = file.storyboard; name = Base; path = Base.lproj/Main.storyboard; sourceTree = "<group>"; };
		07C528EC256D76DB003DF08C /* Assets.xcassets */ = {isa = PBXFileReference; lastKnownFileType = folder.assetcatalog; path = Assets.xcassets; sourceTree = "<group>"; };
		07C528EF256D76DB003DF08C /* Base */ = {isa = PBXFileReference; lastKnownFileType = file.storyboard; name = Base; path = Base.lproj/LaunchScreen.storyboard; sourceTree = "<group>"; };
		07C528F1256D76DB003DF08C /* Info.plist */ = {isa = PBXFileReference; lastKnownFileType = text.plist.xml; path = Info.plist; sourceTree = "<group>"; };
		07FAFCD8256FF1F200D97BD3 /* Viagem.swift */ = {isa = PBXFileReference; lastKnownFileType = sourcecode.swift; path = Viagem.swift; sourceTree = "<group>"; };
		07FAFCDF256FF51D00D97BD3 /* TableViewCell.swift */ = {isa = PBXFileReference; lastKnownFileType = sourcecode.swift; path = TableViewCell.swift; sourceTree = "<group>"; };
		07FAFCE8256FFDF200D97BD3 /* ViagemDAO.swift */ = {isa = PBXFileReference; lastKnownFileType = sourcecode.swift; path = ViagemDAO.swift; sourceTree = "<group>"; };
		07FE61BB258105C600828263 /* PacoteViagem.swift */ = {isa = PBXFileReference; lastKnownFileType = sourcecode.swift; path = PacoteViagem.swift; sourceTree = "<group>"; };
		07FE61BE258107A700828263 /* PacoteViagemDAO.swift */ = {isa = PBXFileReference; fileEncoding = 4; lastKnownFileType = sourcecode.swift; path = PacoteViagemDAO.swift; sourceTree = "<group>"; };
/* End PBXFileReference section */

/* Begin PBXFrameworksBuildPhase section */
		07C528DD256D76DB003DF08C /* Frameworks */ = {
			isa = PBXFrameworksBuildPhase;
			buildActionMask = 2147483647;
			files = (
			);
			runOnlyForDeploymentPostprocessing = 0;
		};
/* End PBXFrameworksBuildPhase section */

/* Begin PBXGroup section */
		0718725025794EBB00B3D301 /* DetalhesViagem */ = {
			isa = PBXGroup;
			children = (
				0718725125794ED300B3D301 /* View */,
				0718725225794EDC00B3D301 /* Controller */,
			);
			path = DetalhesViagem;
			sourceTree = "<group>";
		};
		0718725125794ED300B3D301 /* View */ = {
			isa = PBXGroup;
			children = (
			);
			path = View;
			sourceTree = "<group>";
		};
		0718725225794EDC00B3D301 /* Controller */ = {
			isa = PBXGroup;
			children = (
				0718725325794F0400B3D301 /* DetalhesViagensViewController.swift */,
			);
			path = Controller;
			sourceTree = "<group>";
		};
		078E497C257143E0004884D6 /* Pacotes */ = {
			isa = PBXGroup;
			children = (
				078E497D257143F1004884D6 /* Controller */,
				078E497E257143F6004884D6 /* View */,
			);
			path = Pacotes;
			sourceTree = "<group>";
		};
		078E497D257143F1004884D6 /* Controller */ = {
			isa = PBXGroup;
			children = (
				078E497F2571442A004884D6 /* PacotesViagensViewController.swift */,
			);
			path = Controller;
			sourceTree = "<group>";
		};
		078E497E257143F6004884D6 /* View */ = {
			isa = PBXGroup;
			children = (
				078E49832571451F004884D6 /* PacoteViagemCollectionViewCell.swift */,
				07FE61BE258107A700828263 /* PacoteViagemDAO.swift */,
			);
			path = View;
			sourceTree = "<group>";
		};
		07C528D7256D76DB003DF08C = {
			isa = PBXGroup;
			children = (
				07C528E2256D76DB003DF08C /* AluraViagens */,
				07C528E1256D76DB003DF08C /* Products */,
			);
			sourceTree = "<group>";
		};
		07C528E1256D76DB003DF08C /* Products */ = {
			isa = PBXGroup;
			children = (
				07C528E0256D76DB003DF08C /* AluraViagens.app */,
			);
			name = Products;
			sourceTree = "<group>";
		};
		07C528E2256D76DB003DF08C /* AluraViagens */ = {
			isa = PBXGroup;
			children = (
				07C528E3256D76DB003DF08C /* AppDelegate.swift */,
				07C528E5256D76DB003DF08C /* SceneDelegate.swift */,
				07FAFCE3256FFD9E00D97BD3 /* Model */,
				07FAFCE4256FFDA900D97BD3 /* Home */,
				078E497C257143E0004884D6 /* Pacotes */,
				0718725025794EBB00B3D301 /* DetalhesViagem */,
				07FAFCE7256FFDE300D97BD3 /* ViagemDAO */,
				07C528E9256D76DB003DF08C /* Main.storyboard */,
				07C528EC256D76DB003DF08C /* Assets.xcassets */,
				07C528EE256D76DB003DF08C /* LaunchScreen.storyboard */,
				07C528F1256D76DB003DF08C /* Info.plist */,
			);
			path = AluraViagens;
			sourceTree = "<group>";
		};
		07FAFCE3256FFD9E00D97BD3 /* Model */ = {
			isa = PBXGroup;
			children = (
				07FAFCD8256FF1F200D97BD3 /* Viagem.swift */,
				07FE61BB258105C600828263 /* PacoteViagem.swift */,
			);
			path = Model;
			sourceTree = "<group>";
		};
		07FAFCE4256FFDA900D97BD3 /* Home */ = {
			isa = PBXGroup;
			children = (
				07FAFCE6256FFDC300D97BD3 /* View */,
				07FAFCE5256FFDB700D97BD3 /* Controller */,
			);
			path = Home;
			sourceTree = "<group>";
		};
		07FAFCE5256FFDB700D97BD3 /* Controller */ = {
			isa = PBXGroup;
			children = (
				07C528E7256D76DB003DF08C /* ViewController.swift */,
			);
			path = Controller;
			sourceTree = "<group>";
		};
		07FAFCE6256FFDC300D97BD3 /* View */ = {
			isa = PBXGroup;
			children = (
				07FAFCDF256FF51D00D97BD3 /* TableViewCell.swift */,
			);
			path = View;
			sourceTree = "<group>";
		};
		07FAFCE7256FFDE300D97BD3 /* ViagemDAO */ = {
			isa = PBXGroup;
			children = (
				07FAFCE8256FFDF200D97BD3 /* ViagemDAO.swift */,
			);
			path = ViagemDAO;
			sourceTree = "<group>";
		};
/* End PBXGroup section */

/* Begin PBXNativeTarget section */
		07C528DF256D76DB003DF08C /* AluraViagens */ = {
			isa = PBXNativeTarget;
			buildConfigurationList = 07C528F4256D76DB003DF08C /* Build configuration list for PBXNativeTarget "AluraViagens" */;
			buildPhases = (
				07C528DC256D76DB003DF08C /* Sources */,
				07C528DD256D76DB003DF08C /* Frameworks */,
				07C528DE256D76DB003DF08C /* Resources */,
			);
			buildRules = (
			);
			dependencies = (
			);
			name = AluraViagens;
			productName = AluraViagens;
			productReference = 07C528E0256D76DB003DF08C /* AluraViagens.app */;
			productType = "com.apple.product-type.application";
		};
/* End PBXNativeTarget section */

/* Begin PBXProject section */
		07C528D8256D76DB003DF08C /* Project object */ = {
			isa = PBXProject;
			attributes = {
				LastSwiftUpdateCheck = 1220;
				LastUpgradeCheck = 1220;
				TargetAttributes = {
					07C528DF256D76DB003DF08C = {
						CreatedOnToolsVersion = 12.2;
					};
				};
			};
			buildConfigurationList = 07C528DB256D76DB003DF08C /* Build configuration list for PBXProject "AluraViagens" */;
			compatibilityVersion = "Xcode 9.3";
			developmentRegion = en;
			hasScannedForEncodings = 0;
			knownRegions = (
				en,
				Base,
			);
			mainGroup = 07C528D7256D76DB003DF08C;
			productRefGroup = 07C528E1256D76DB003DF08C /* Products */;
			projectDirPath = "";
			projectRoot = "";
			targets = (
				07C528DF256D76DB003DF08C /* AluraViagens */,
			);
		};
/* End PBXProject section */

/* Begin PBXResourcesBuildPhase section */
		07C528DE256D76DB003DF08C /* Resources */ = {
			isa = PBXResourcesBuildPhase;
			buildActionMask = 2147483647;
			files = (
				07C528F0256D76DB003DF08C /* LaunchScreen.storyboard in Resources */,
				07C528ED256D76DB003DF08C /* Assets.xcassets in Resources */,
				07C528EB256D76DB003DF08C /* Main.storyboard in Resources */,
			);
			runOnlyForDeploymentPostprocessing = 0;
		};
/* End PBXResourcesBuildPhase section */

/* Begin PBXSourcesBuildPhase section */
		07C528DC256D76DB003DF08C /* Sources */ = {
			isa = PBXSourcesBuildPhase;
			buildActionMask = 2147483647;
			files = (
				078E49802571442A004884D6 /* PacotesViagensViewController.swift in Sources */,
				07FAFCD9256FF1F200D97BD3 /* Viagem.swift in Sources */,
				07C528E8256D76DB003DF08C /* ViewController.swift in Sources */,
				0718725425794F0400B3D301 /* DetalhesViagensViewController.swift in Sources */,
				078E49842571451F004884D6 /* PacoteViagemCollectionViewCell.swift in Sources */,
				07FAFCE0256FF51D00D97BD3 /* TableViewCell.swift in Sources */,
				07FE61BC258105C600828263 /* PacoteViagem.swift in Sources */,
				07FAFCEA256FFE4000D97BD3 /* ViagemDAO.swift in Sources */,
				07C528E4256D76DB003DF08C /* AppDelegate.swift in Sources */,
				07FE61BF258107A700828263 /* PacoteViagemDAO.swift in Sources */,
				07C528E6256D76DB003DF08C /* SceneDelegate.swift in Sources */,
			);
			runOnlyForDeploymentPostprocessing = 0;
		};
/* End PBXSourcesBuildPhase section */

/* Begin PBXVariantGroup section */
		07C528E9256D76DB003DF08C /* Main.storyboard */ = {
			isa = PBXVariantGroup;
			children = (
				07C528EA256D76DB003DF08C /* Base */,
			);
			name = Main.storyboard;
			sourceTree = "<group>";
		};
		07C528EE256D76DB003DF08C /* LaunchScreen.storyboard */ = {
			isa = PBXVariantGroup;
			children = (
				07C528EF256D76DB003DF08C /* Base */,
			);
			name = LaunchScreen.storyboard;
			sourceTree = "<group>";
		};
/* End PBXVariantGroup section */

/* Begin XCBuildConfiguration section */
		07C528F2256D76DB003DF08C /* Debug */ = {
			isa = XCBuildConfiguration;
			buildSettings = {
				ALWAYS_SEARCH_USER_PATHS = NO;
				CLANG_ANALYZER_NONNULL = YES;
				CLANG_ANALYZER_NUMBER_OBJECT_CONVERSION = YES_AGGRESSIVE;
				CLANG_CXX_LANGUAGE_STANDARD = "gnu++14";
				CLANG_CXX_LIBRARY = "libc++";
				CLANG_ENABLE_MODULES = YES;
				CLANG_ENABLE_OBJC_ARC = YES;
				CLANG_ENABLE_OBJC_WEAK = YES;
				CLANG_WARN_BLOCK_CAPTURE_AUTORELEASING = YES;
				CLANG_WARN_BOOL_CONVERSION = YES;
				CLANG_WARN_COMMA = YES;
				CLANG_WARN_CONSTANT_CONVERSION = YES;
				CLANG_WARN_DEPRECATED_OBJC_IMPLEMENTATIONS = YES;
				CLANG_WARN_DIRECT_OBJC_ISA_USAGE = YES_ERROR;
				CLANG_WARN_DOCUMENTATION_COMMENTS = YES;
				CLANG_WARN_EMPTY_BODY = YES;
				CLANG_WARN_ENUM_CONVERSION = YES;
				CLANG_WARN_INFINITE_RECURSION = YES;
				CLANG_WARN_INT_CONVERSION = YES;
				CLANG_WARN_NON_LITERAL_NULL_CONVERSION = YES;
				CLANG_WARN_OBJC_IMPLICIT_RETAIN_SELF = YES;
				CLANG_WARN_OBJC_LITERAL_CONVERSION = YES;
				CLANG_WARN_OBJC_ROOT_CLASS = YES_ERROR;
				CLANG_WARN_QUOTED_INCLUDE_IN_FRAMEWORK_HEADER = YES;
				CLANG_WARN_RANGE_LOOP_ANALYSIS = YES;
				CLANG_WARN_STRICT_PROTOTYPES = YES;
				CLANG_WARN_SUSPICIOUS_MOVE = YES;
				CLANG_WARN_UNGUARDED_AVAILABILITY = YES_AGGRESSIVE;
				CLANG_WARN_UNREACHABLE_CODE = YES;
				CLANG_WARN__DUPLICATE_METHOD_MATCH = YES;
				COPY_PHASE_STRIP = NO;
				DEBUG_INFORMATION_FORMAT = dwarf;
				ENABLE_STRICT_OBJC_MSGSEND = YES;
				ENABLE_TESTABILITY = YES;
				GCC_C_LANGUAGE_STANDARD = gnu11;
				GCC_DYNAMIC_NO_PIC = NO;
				GCC_NO_COMMON_BLOCKS = YES;
				GCC_OPTIMIZATION_LEVEL = 0;
				GCC_PREPROCESSOR_DEFINITIONS = (
					"DEBUG=1",
					"$(inherited)",
				);
				GCC_WARN_64_TO_32_BIT_CONVERSION = YES;
				GCC_WARN_ABOUT_RETURN_TYPE = YES_ERROR;
				GCC_WARN_UNDECLARED_SELECTOR = YES;
				GCC_WARN_UNINITIALIZED_AUTOS = YES_AGGRESSIVE;
				GCC_WARN_UNUSED_FUNCTION = YES;
				GCC_WARN_UNUSED_VARIABLE = YES;
				IPHONEOS_DEPLOYMENT_TARGET = 14.2;
				MTL_ENABLE_DEBUG_INFO = INCLUDE_SOURCE;
				MTL_FAST_MATH = YES;
				ONLY_ACTIVE_ARCH = YES;
				SDKROOT = iphoneos;
				SWIFT_ACTIVE_COMPILATION_CONDITIONS = DEBUG;
				SWIFT_OPTIMIZATION_LEVEL = "-Onone";
			};
			name = Debug;
		};
		07C528F3256D76DB003DF08C /* Release */ = {
			isa = XCBuildConfiguration;
			buildSettings = {
				ALWAYS_SEARCH_USER_PATHS = NO;
				CLANG_ANALYZER_NONNULL = YES;
				CLANG_ANALYZER_NUMBER_OBJECT_CONVERSION = YES_AGGRESSIVE;
				CLANG_CXX_LANGUAGE_STANDARD = "gnu++14";
				CLANG_CXX_LIBRARY = "libc++";
				CLANG_ENABLE_MODULES = YES;
				CLANG_ENABLE_OBJC_ARC = YES;
				CLANG_ENABLE_OBJC_WEAK = YES;
				CLANG_WARN_BLOCK_CAPTURE_AUTORELEASING = YES;
				CLANG_WARN_BOOL_CONVERSION = YES;
				CLANG_WARN_COMMA = YES;
				CLANG_WARN_CONSTANT_CONVERSION = YES;
				CLANG_WARN_DEPRECATED_OBJC_IMPLEMENTATIONS = YES;
				CLANG_WARN_DIRECT_OBJC_ISA_USAGE = YES_ERROR;
				CLANG_WARN_DOCUMENTATION_COMMENTS = YES;
				CLANG_WARN_EMPTY_BODY = YES;
				CLANG_WARN_ENUM_CONVERSION = YES;
				CLANG_WARN_INFINITE_RECURSION = YES;
				CLANG_WARN_INT_CONVERSION = YES;
				CLANG_WARN_NON_LITERAL_NULL_CONVERSION = YES;
				CLANG_WARN_OBJC_IMPLICIT_RETAIN_SELF = YES;
				CLANG_WARN_OBJC_LITERAL_CONVERSION = YES;
				CLANG_WARN_OBJC_ROOT_CLASS = YES_ERROR;
				CLANG_WARN_QUOTED_INCLUDE_IN_FRAMEWORK_HEADER = YES;
				CLANG_WARN_RANGE_LOOP_ANALYSIS = YES;
				CLANG_WARN_STRICT_PROTOTYPES = YES;
				CLANG_WARN_SUSPICIOUS_MOVE = YES;
				CLANG_WARN_UNGUARDED_AVAILABILITY = YES_AGGRESSIVE;
				CLANG_WARN_UNREACHABLE_CODE = YES;
				CLANG_WARN__DUPLICATE_METHOD_MATCH = YES;
				COPY_PHASE_STRIP = NO;
				DEBUG_INFORMATION_FORMAT = "dwarf-with-dsym";
				ENABLE_NS_ASSERTIONS = NO;
				ENABLE_STRICT_OBJC_MSGSEND = YES;
				GCC_C_LANGUAGE_STANDARD = gnu11;
				GCC_NO_COMMON_BLOCKS = YES;
				GCC_WARN_64_TO_32_BIT_CONVERSION = YES;
				GCC_WARN_ABOUT_RETURN_TYPE = YES_ERROR;
				GCC_WARN_UNDECLARED_SELECTOR = YES;
				GCC_WARN_UNINITIALIZED_AUTOS = YES_AGGRESSIVE;
				GCC_WARN_UNUSED_FUNCTION = YES;
				GCC_WARN_UNUSED_VARIABLE = YES;
				IPHONEOS_DEPLOYMENT_TARGET = 14.2;
				MTL_ENABLE_DEBUG_INFO = NO;
				MTL_FAST_MATH = YES;
				SDKROOT = iphoneos;
				SWIFT_COMPILATION_MODE = wholemodule;
				SWIFT_OPTIMIZATION_LEVEL = "-O";
				VALIDATE_PRODUCT = YES;
			};
			name = Release;
		};
		07C528F5256D76DB003DF08C /* Debug */ = {
			isa = XCBuildConfiguration;
			buildSettings = {
				ASSETCATALOG_COMPILER_APPICON_NAME = AppIcon;
				ASSETCATALOG_COMPILER_GLOBAL_ACCENT_COLOR_NAME = AccentColor;
				CODE_SIGN_STYLE = Automatic;
				DEVELOPMENT_TEAM = HD777GC7QY;
				INFOPLIST_FILE = AluraViagens/Info.plist;
				LD_RUNPATH_SEARCH_PATHS = (
					"$(inherited)",
					"@executable_path/Frameworks",
				);
				PRODUCT_BUNDLE_IDENTIFIER = com.alansoares.AluraViagens;
				PRODUCT_NAME = "$(TARGET_NAME)";
				SWIFT_VERSION = 5.0;
				TARGETED_DEVICE_FAMILY = "1,2";
			};
			name = Debug;
		};
		07C528F6256D76DB003DF08C /* Release */ = {
			isa = XCBuildConfiguration;
			buildSettings = {
				ASSETCATALOG_COMPILER_APPICON_NAME = AppIcon;
				ASSETCATALOG_COMPILER_GLOBAL_ACCENT_COLOR_NAME = AccentColor;
				CODE_SIGN_STYLE = Automatic;
				DEVELOPMENT_TEAM = HD777GC7QY;
				INFOPLIST_FILE = AluraViagens/Info.plist;
				LD_RUNPATH_SEARCH_PATHS = (
					"$(inherited)",
					"@executable_path/Frameworks",
				);
				PRODUCT_BUNDLE_IDENTIFIER = com.alansoares.AluraViagens;
				PRODUCT_NAME = "$(TARGET_NAME)";
				SWIFT_VERSION = 5.0;
				TARGETED_DEVICE_FAMILY = "1,2";
			};
			name = Release;
		};
/* End XCBuildConfiguration section */

/* Begin XCConfigurationList section */
		07C528DB256D76DB003DF08C /* Build configuration list for PBXProject "AluraViagens" */ = {
			isa = XCConfigurationList;
			buildConfigurations = (
				07C528F2256D76DB003DF08C /* Debug */,
				07C528F3256D76DB003DF08C /* Release */,
			);
			defaultConfigurationIsVisible = 0;
			defaultConfigurationName = Release;
		};
		07C528F4256D76DB003DF08C /* Build configuration list for PBXNativeTarget "AluraViagens" */ = {
			isa = XCConfigurationList;
			buildConfigurations = (
				07C528F5256D76DB003DF08C /* Debug */,
				07C528F6256D76DB003DF08C /* Release */,
			);
			defaultConfigurationIsVisible = 0;
			defaultConfigurationName = Release;
		};
/* End XCConfigurationList section */
	};
	rootObject = 07C528D8256D76DB003DF08C /* Project object */;
}
